
Microsoft Visual Studio Solution File, Format Version 12.00
# Visual Studio Version 16
VisualStudioVersion = 16.0.31005.135
MinimumVisualStudioVersion = 10.0.40219.1
Project("{9A19103F-16F7-4668-BE54-9A1E7A4F7556}") = "CoreMvcBlog", "CoreMvcBlog\CoreMvcBlog.csproj", "{FDCB3CB8-418F-401A-B855-7817069F65AA}"
EndProject
Project("{FAE04EC0-301F-11D3-BF4B-00C04F79EFBC}") = "Entity", "Entity\Entity.csproj", "{4303E440-C30E-4DF4-AAC4-A5ECD9618447}"
EndProject
Project("{FAE04EC0-301F-11D3-BF4B-00C04F79EFBC}") = "Business", "Business\Business.csproj", "{191B87AA-A501-498C-9A50-C0D170453E57}"
EndProject
Project("{FAE04EC0-301F-11D3-BF4B-00C04F79EFBC}") = "DataAccess", "DataAccess\DataAccess.csproj", "{36A0CA61-BE3B-45C5-97F2-73BED5308756}"
EndProject
Project("{FAE04EC0-301F-11D3-BF4B-00C04F79EFBC}") = "Core", "Core\Core.csproj", "{1E031465-6EEB-487E-A362-721951466502}"
EndProject
Global
	GlobalSection(SolutionConfigurationPlatforms) = preSolution
		Debug|Any CPU = Debug|Any CPU
		Release|Any CPU = Release|Any CPU
	EndGlobalSection
	GlobalSection(ProjectConfigurationPlatforms) = postSolution
		{FDCB3CB8-418F-401A-B855-7817069F65AA}.Debug|Any CPU.ActiveCfg = Debug|Any CPU
		{FDCB3CB8-418F-401A-B855-7817069F65AA}.Debug|Any CPU.Build.0 = Debug|Any CPU
		{FDCB3CB8-418F-401A-B855-7817069F65AA}.Release|Any CPU.ActiveCfg = Release|Any CPU
		{FDCB3CB8-418F-401A-B855-7817069F65AA}.Release|Any CPU.Build.0 = Release|Any CPU
		{4303E440-C30E-4DF4-AAC4-A5ECD9618447}.Debug|Any CPU.ActiveCfg = Debug|Any CPU
		{4303E440-C30E-4DF4-AAC4-A5ECD9618447}.Debug|Any CPU.Build.0 = Debug|Any CPU
		{4303E440-C30E-4DF4-AAC4-A5ECD9618447}.Release|Any CPU.ActiveCfg = Release|Any CPU
		{4303E440-C30E-4DF4-AAC4-A5ECD9618447}.Release|Any CPU.Build.0 = Release|Any CPU
		{191B87AA-A501-498C-9A50-C0D170453E57}.Debug|Any CPU.ActiveCfg = Debug|Any CPU
		{191B87AA-A501-498C-9A50-C0D170453E57}.Debug|Any CPU.Build.0 = Debug|Any CPU
		{191B87AA-A501-498C-9A50-C0D170453E57}.Release|Any CPU.ActiveCfg = Release|Any CPU
		{191B87AA-A501-498C-9A50-C0D170453E57}.Release|Any CPU.Build.0 = Release|Any CPU
		{36A0CA61-BE3B-45C5-97F2-73BED5308756}.Debug|Any CPU.ActiveCfg = Debug|Any CPU
		{36A0CA61-BE3B-45C5-97F2-73BED5308756}.Debug|Any CPU.Build.0 = Debug|Any CPU
		{36A0CA61-BE3B-45C5-97F2-73BED5308756}.Release|Any CPU.ActiveCfg = Release|Any CPU
		{36A0CA61-BE3B-45C5-97F2-73BED5308756}.Release|Any CPU.Build.0 = Release|Any CPU
		{1E031465-6EEB-487E-A362-721951466502}.Debug|Any CPU.ActiveCfg = Debug|Any CPU
		{1E031465-6EEB-487E-A362-721951466502}.Debug|Any CPU.Build.0 = Debug|Any CPU
		{1E031465-6EEB-487E-A362-721951466502}.Release|Any CPU.ActiveCfg = Release|Any CPU
		{1E031465-6EEB-487E-A362-721951466502}.Release|Any CPU.Build.0 = Release|Any CPU
	EndGlobalSection
	GlobalSection(SolutionProperties) = preSolution
		HideSolutionNode = FALSE
	EndGlobalSection
	GlobalSection(ExtensibilityGlobals) = postSolution
		SolutionGuid = {9424BF05-B685-4BE7-9635-80ADBE186E5F}
	EndGlobalSection
EndGlobal
